
Microsoft Visual Studio Solution File, Format Version 12.00
# Visual Studio Version 17
VisualStudioVersion = 17.11.35208.52
MinimumVisualStudioVersion = 10.0.40219.1
Project("{FAE04EC0-301F-11D3-BF4B-00C04F79EFBC}") = "Attendance_System", "Attendance_System\Attendance_System.csproj", "{F092190A-9526-4776-8B7D-4B840201F42A}"
EndProject
Project("{FAE04EC0-301F-11D3-BF4B-00C04F79EFBC}") = "Model", "Model\Model.csproj", "{153A1D40-37D3-4D9F-AF5B-935C9DA4A19A}"
EndProject
Project("{FAE04EC0-301F-11D3-BF4B-00C04F79EFBC}") = "Manager", "Manager\Manager.csproj", "{FA803D6A-3D01-42F1-94EF-856F56C752C0}"
EndProject
Global
	GlobalSection(SolutionConfigurationPlatforms) = preSolution
		Debug|Any CPU = Debug|Any CPU
		Release|Any CPU = Release|Any CPU
	EndGlobalSection
	GlobalSection(ProjectConfigurationPlatforms) = postSolution
		{F092190A-9526-4776-8B7D-4B840201F42A}.Debug|Any CPU.ActiveCfg = Debug|Any CPU
		{F092190A-9526-4776-8B7D-4B840201F42A}.Debug|Any CPU.Build.0 = Debug|Any CPU
		{F092190A-9526-4776-8B7D-4B840201F42A}.Release|Any CPU.ActiveCfg = Release|Any CPU
		{F092190A-9526-4776-8B7D-4B840201F42A}.Release|Any CPU.Build.0 = Release|Any CPU
		{153A1D40-37D3-4D9F-AF5B-935C9DA4A19A}.Debug|Any CPU.ActiveCfg = Debug|Any CPU
		{153A1D40-37D3-4D9F-AF5B-935C9DA4A19A}.Debug|Any CPU.Build.0 = Debug|Any CPU
		{153A1D40-37D3-4D9F-AF5B-935C9DA4A19A}.Release|Any CPU.ActiveCfg = Release|Any CPU
		{153A1D40-37D3-4D9F-AF5B-935C9DA4A19A}.Release|Any CPU.Build.0 = Release|Any CPU
		{FA803D6A-3D01-42F1-94EF-856F56C752C0}.Debug|Any CPU.ActiveCfg = Debug|Any CPU
		{FA803D6A-3D01-42F1-94EF-856F56C752C0}.Debug|Any CPU.Build.0 = Debug|Any CPU
		{FA803D6A-3D01-42F1-94EF-856F56C752C0}.Release|Any CPU.ActiveCfg = Release|Any CPU
		{FA803D6A-3D01-42F1-94EF-856F56C752C0}.Release|Any CPU.Build.0 = Release|Any CPU
	EndGlobalSection
	GlobalSection(SolutionProperties) = preSolution
		HideSolutionNode = FALSE
	EndGlobalSection
	GlobalSection(ExtensibilityGlobals) = postSolution
		SolutionGuid = {814268A3-CD19-47B9-A795-5FD8566AA0AB}
	EndGlobalSection
EndGlobal
